// !$*UTF8*$!
{
	archiveVersion = 1;
	classes = {
	};
	objectVersion = 55;
	objects = {

/* Begin PBXBuildFile section */
		646369FA28D2983B0068D413 /* LoginViewController.swift in Sources */ = {isa = PBXBuildFile; fileRef = 646369F928D2983B0068D413 /* LoginViewController.swift */; };
		646369FC28D298560068D413 /* LoginScreenView.swift in Sources */ = {isa = PBXBuildFile; fileRef = 646369FB28D298560068D413 /* LoginScreenView.swift */; };
		646369FE28D431DC0068D413 /* UITextField + Extension.swift in Sources */ = {isa = PBXBuildFile; fileRef = 646369FD28D431DC0068D413 /* UITextField + Extension.swift */; };
		64636A0128D7A1F70068D413 /* Alert.swift in Sources */ = {isa = PBXBuildFile; fileRef = 64636A0028D7A1F70068D413 /* Alert.swift */; };
		64636A0528D7A8510068D413 /* RegisterViewController.swift in Sources */ = {isa = PBXBuildFile; fileRef = 64636A0428D7A8510068D413 /* RegisterViewController.swift */; };
		64636A0728D7AAA50068D413 /* RegisterScreen.swift in Sources */ = {isa = PBXBuildFile; fileRef = 64636A0628D7AAA50068D413 /* RegisterScreen.swift */; };
		64636A0928D7F3E70068D413 /* GoogleService-Info.plist in Resources */ = {isa = PBXBuildFile; fileRef = 64636A0828D7F3E70068D413 /* GoogleService-Info.plist */; };
		6488E8C528D279D40005C874 /* CustomPlayerView.swift in Sources */ = {isa = PBXBuildFile; fileRef = 6488E8C428D279D40005C874 /* CustomPlayerView.swift */; };
		64A1A74528CC33CB003EFFCA /* DetailViewController.swift in Sources */ = {isa = PBXBuildFile; fileRef = 64A1A74428CC33CB003EFFCA /* DetailViewController.swift */; };
		64A1A74828CC3416003EFFCA /* DetailViewControllerScreen.swift in Sources */ = {isa = PBXBuildFile; fileRef = 64A1A74728CC3416003EFFCA /* DetailViewControllerScreen.swift */; };
		64A1A74B28CD6A5A003EFFCA /* DetailTableViewCell.swift in Sources */ = {isa = PBXBuildFile; fileRef = 64A1A74A28CD6A5A003EFFCA /* DetailTableViewCell.swift */; };
		64A1A74E28CD6AF5003EFFCA /* DetailTableViewCellScreen.swift in Sources */ = {isa = PBXBuildFile; fileRef = 64A1A74D28CD6AF5003EFFCA /* DetailTableViewCellScreen.swift */; };
		64A1A75028CF9B0D003EFFCA /* CustomNavBar.swift in Sources */ = {isa = PBXBuildFile; fileRef = 64A1A74F28CF9B0C003EFFCA /* CustomNavBar.swift */; };
		64A6F5F428C015EE0033D0C8 /* AppDelegate.swift in Sources */ = {isa = PBXBuildFile; fileRef = 64A6F5F328C015EE0033D0C8 /* AppDelegate.swift */; };
		64A6F5F628C015EE0033D0C8 /* SceneDelegate.swift in Sources */ = {isa = PBXBuildFile; fileRef = 64A6F5F528C015EE0033D0C8 /* SceneDelegate.swift */; };
		64A6F5F828C015EE0033D0C8 /* HomeViewController.swift in Sources */ = {isa = PBXBuildFile; fileRef = 64A6F5F728C015EE0033D0C8 /* HomeViewController.swift */; };
		64A6F5FD28C015F00033D0C8 /* Assets.xcassets in Resources */ = {isa = PBXBuildFile; fileRef = 64A6F5FC28C015F00033D0C8 /* Assets.xcassets */; };
		64A6F60028C015F00033D0C8 /* LaunchScreen.storyboard in Resources */ = {isa = PBXBuildFile; fileRef = 64A6F5FE28C015F00033D0C8 /* LaunchScreen.storyboard */; };
		64A6F60928C018D60033D0C8 /* CardViewModel.swift in Sources */ = {isa = PBXBuildFile; fileRef = 64A6F60828C018D60033D0C8 /* CardViewModel.swift */; };
		64A6F60E28C0198B0033D0C8 /* NSAttributedString + Extension.swift in Sources */ = {isa = PBXBuildFile; fileRef = 64A6F60B28C0198B0033D0C8 /* NSAttributedString + Extension.swift */; };
		64A6F60F28C0198B0033D0C8 /* UIView + Extension.swift in Sources */ = {isa = PBXBuildFile; fileRef = 64A6F60C28C0198B0033D0C8 /* UIView + Extension.swift */; };
		64A6F61028C0198B0033D0C8 /* NSTextAttachment + Extension.swift in Sources */ = {isa = PBXBuildFile; fileRef = 64A6F60D28C0198B0033D0C8 /* NSTextAttachment + Extension.swift */; };
		64A6F61328C01AB20033D0C8 /* HomeViewControllerScreen.swift in Sources */ = {isa = PBXBuildFile; fileRef = 64A6F61228C01AB20033D0C8 /* HomeViewControllerScreen.swift */; };
		64A6F61728C1A1A70033D0C8 /* ConfigurableView.swift in Sources */ = {isa = PBXBuildFile; fileRef = 64A6F61628C1A1A70033D0C8 /* ConfigurableView.swift */; };
		64A6F61A28C1A9ED0033D0C8 /* CardViewTableViewCell.swift in Sources */ = {isa = PBXBuildFile; fileRef = 64A6F61928C1A9ED0033D0C8 /* CardViewTableViewCell.swift */; };
		64A6F61D28C2317E0033D0C8 /* CustomCardView.swift in Sources */ = {isa = PBXBuildFile; fileRef = 64A6F61C28C2317E0033D0C8 /* CustomCardView.swift */; };
		64A6F61F28C2950D0033D0C8 /* CardActionView.swift in Sources */ = {isa = PBXBuildFile; fileRef = 64A6F61E28C2950D0033D0C8 /* CardActionView.swift */; };
		D4C299F7D81B8C54E57C40E4 /* Pods_AppMusic.framework in Frameworks */ = {isa = PBXBuildFile; fileRef = 87302EBE393331E37FC02C34 /* Pods_AppMusic.framework */; };
/* End PBXBuildFile section */

/* Begin PBXFileReference section */
		12E772BA0C999B60604B027F /* Pods-AppMusic.debug.xcconfig */ = {isa = PBXFileReference; includeInIndex = 1; lastKnownFileType = text.xcconfig; name = "Pods-AppMusic.debug.xcconfig"; path = "Target Support Files/Pods-AppMusic/Pods-AppMusic.debug.xcconfig"; sourceTree = "<group>"; };
		4EE47FDC6C433826BE2DD38C /* Pods-AppMusic.release.xcconfig */ = {isa = PBXFileReference; includeInIndex = 1; lastKnownFileType = text.xcconfig; name = "Pods-AppMusic.release.xcconfig"; path = "Target Support Files/Pods-AppMusic/Pods-AppMusic.release.xcconfig"; sourceTree = "<group>"; };
		646369F928D2983B0068D413 /* LoginViewController.swift */ = {isa = PBXFileReference; lastKnownFileType = sourcecode.swift; path = LoginViewController.swift; sourceTree = "<group>"; };
		646369FB28D298560068D413 /* LoginScreenView.swift */ = {isa = PBXFileReference; lastKnownFileType = sourcecode.swift; path = LoginScreenView.swift; sourceTree = "<group>"; };
		646369FD28D431DC0068D413 /* UITextField + Extension.swift */ = {isa = PBXFileReference; lastKnownFileType = sourcecode.swift; path = "UITextField + Extension.swift"; sourceTree = "<group>"; };
		64636A0028D7A1F70068D413 /* Alert.swift */ = {isa = PBXFileReference; lastKnownFileType = sourcecode.swift; path = Alert.swift; sourceTree = "<group>"; };
		64636A0428D7A8510068D413 /* RegisterViewController.swift */ = {isa = PBXFileReference; lastKnownFileType = sourcecode.swift; path = RegisterViewController.swift; sourceTree = "<group>"; };
		64636A0628D7AAA50068D413 /* RegisterScreen.swift */ = {isa = PBXFileReference; lastKnownFileType = sourcecode.swift; path = RegisterScreen.swift; sourceTree = "<group>"; };
		64636A0828D7F3E70068D413 /* GoogleService-Info.plist */ = {isa = PBXFileReference; fileEncoding = 4; lastKnownFileType = text.plist.xml; path = "GoogleService-Info.plist"; sourceTree = "<group>"; };
		6488E8C428D279D40005C874 /* CustomPlayerView.swift */ = {isa = PBXFileReference; lastKnownFileType = sourcecode.swift; path = CustomPlayerView.swift; sourceTree = "<group>"; };
		64A1A74428CC33CB003EFFCA /* DetailViewController.swift */ = {isa = PBXFileReference; lastKnownFileType = sourcecode.swift; path = DetailViewController.swift; sourceTree = "<group>"; };
		64A1A74728CC3416003EFFCA /* DetailViewControllerScreen.swift */ = {isa = PBXFileReference; lastKnownFileType = sourcecode.swift; path = DetailViewControllerScreen.swift; sourceTree = "<group>"; };
		64A1A74A28CD6A5A003EFFCA /* DetailTableViewCell.swift */ = {isa = PBXFileReference; lastKnownFileType = sourcecode.swift; path = DetailTableViewCell.swift; sourceTree = "<group>"; };
		64A1A74D28CD6AF5003EFFCA /* DetailTableViewCellScreen.swift */ = {isa = PBXFileReference; lastKnownFileType = sourcecode.swift; path = DetailTableViewCellScreen.swift; sourceTree = "<group>"; };
		64A1A74F28CF9B0C003EFFCA /* CustomNavBar.swift */ = {isa = PBXFileReference; lastKnownFileType = sourcecode.swift; path = CustomNavBar.swift; sourceTree = "<group>"; };
		64A6F5F028C015EE0033D0C8 /* AppMusic.app */ = {isa = PBXFileReference; explicitFileType = wrapper.application; includeInIndex = 0; path = AppMusic.app; sourceTree = BUILT_PRODUCTS_DIR; };
		64A6F5F328C015EE0033D0C8 /* AppDelegate.swift */ = {isa = PBXFileReference; lastKnownFileType = sourcecode.swift; path = AppDelegate.swift; sourceTree = "<group>"; };
		64A6F5F528C015EE0033D0C8 /* SceneDelegate.swift */ = {isa = PBXFileReference; lastKnownFileType = sourcecode.swift; path = SceneDelegate.swift; sourceTree = "<group>"; };
		64A6F5F728C015EE0033D0C8 /* HomeViewController.swift */ = {isa = PBXFileReference; lastKnownFileType = sourcecode.swift; path = HomeViewController.swift; sourceTree = "<group>"; };
		64A6F5FC28C015F00033D0C8 /* Assets.xcassets */ = {isa = PBXFileReference; lastKnownFileType = folder.assetcatalog; path = Assets.xcassets; sourceTree = "<group>"; };
		64A6F5FF28C015F00033D0C8 /* Base */ = {isa = PBXFileReference; lastKnownFileType = file.storyboard; name = Base; path = Base.lproj/LaunchScreen.storyboard; sourceTree = "<group>"; };
		64A6F60128C015F00033D0C8 /* Info.plist */ = {isa = PBXFileReference; lastKnownFileType = text.plist.xml; path = Info.plist; sourceTree = "<group>"; };
		64A6F60828C018D60033D0C8 /* CardViewModel.swift */ = {isa = PBXFileReference; fileEncoding = 4; lastKnownFileType = sourcecode.swift; path = CardViewModel.swift; sourceTree = "<group>"; };
		64A6F60B28C0198B0033D0C8 /* NSAttributedString + Extension.swift */ = {isa = PBXFileReference; fileEncoding = 4; lastKnownFileType = sourcecode.swift; path = "NSAttributedString + Extension.swift"; sourceTree = "<group>"; };
		64A6F60C28C0198B0033D0C8 /* UIView + Extension.swift */ = {isa = PBXFileReference; fileEncoding = 4; lastKnownFileType = sourcecode.swift; path = "UIView + Extension.swift"; sourceTree = "<group>"; };
		64A6F60D28C0198B0033D0C8 /* NSTextAttachment + Extension.swift */ = {isa = PBXFileReference; fileEncoding = 4; lastKnownFileType = sourcecode.swift; path = "NSTextAttachment + Extension.swift"; sourceTree = "<group>"; };
		64A6F61228C01AB20033D0C8 /* HomeViewControllerScreen.swift */ = {isa = PBXFileReference; lastKnownFileType = sourcecode.swift; path = HomeViewControllerScreen.swift; sourceTree = "<group>"; };
		64A6F61628C1A1A70033D0C8 /* ConfigurableView.swift */ = {isa = PBXFileReference; lastKnownFileType = sourcecode.swift; path = ConfigurableView.swift; sourceTree = "<group>"; };
		64A6F61928C1A9ED0033D0C8 /* CardViewTableViewCell.swift */ = {isa = PBXFileReference; lastKnownFileType = sourcecode.swift; path = CardViewTableViewCell.swift; sourceTree = "<group>"; };
		64A6F61C28C2317E0033D0C8 /* CustomCardView.swift */ = {isa = PBXFileReference; lastKnownFileType = sourcecode.swift; path = CustomCardView.swift; sourceTree = "<group>"; };
		64A6F61E28C2950D0033D0C8 /* CardActionView.swift */ = {isa = PBXFileReference; lastKnownFileType = sourcecode.swift; path = CardActionView.swift; sourceTree = "<group>"; };
		87302EBE393331E37FC02C34 /* Pods_AppMusic.framework */ = {isa = PBXFileReference; explicitFileType = wrapper.framework; includeInIndex = 0; path = Pods_AppMusic.framework; sourceTree = BUILT_PRODUCTS_DIR; };
/* End PBXFileReference section */

/* Begin PBXFrameworksBuildPhase section */
		64A6F5ED28C015EE0033D0C8 /* Frameworks */ = {
			isa = PBXFrameworksBuildPhase;
			buildActionMask = 2147483647;
			files = (
				D4C299F7D81B8C54E57C40E4 /* Pods_AppMusic.framework in Frameworks */,
			);
			runOnlyForDeploymentPostprocessing = 0;
		};
/* End PBXFrameworksBuildPhase section */

/* Begin PBXGroup section */
		251342717B167AA0006DE189 /* Pods */ = {
			isa = PBXGroup;
			children = (
				12E772BA0C999B60604B027F /* Pods-AppMusic.debug.xcconfig */,
				4EE47FDC6C433826BE2DD38C /* Pods-AppMusic.release.xcconfig */,
			);
			path = Pods;
			sourceTree = "<group>";
		};
		646369F728D298090068D413 /* Login */ = {
			isa = PBXGroup;
			children = (
				646369F828D298190068D413 /* Screen */,
				646369F928D2983B0068D413 /* LoginViewController.swift */,
			);
			path = Login;
			sourceTree = "<group>";
		};
		646369F828D298190068D413 /* Screen */ = {
			isa = PBXGroup;
			children = (
				646369FB28D298560068D413 /* LoginScreenView.swift */,
			);
			path = Screen;
			sourceTree = "<group>";
		};
		646369FF28D7A1D90068D413 /* Alert */ = {
			isa = PBXGroup;
			children = (
				64636A0028D7A1F70068D413 /* Alert.swift */,
			);
			path = Alert;
			sourceTree = "<group>";
		};
		64636A0228D7A7F00068D413 /* Register */ = {
			isa = PBXGroup;
			children = (
				64636A0328D7A8320068D413 /* Screen */,
				64636A0428D7A8510068D413 /* RegisterViewController.swift */,
			);
			path = Register;
			sourceTree = "<group>";
		};
		64636A0328D7A8320068D413 /* Screen */ = {
			isa = PBXGroup;
			children = (
				64636A0628D7AAA50068D413 /* RegisterScreen.swift */,
			);
			path = Screen;
			sourceTree = "<group>";
		};
		64A1A74228CC23E0003EFFCA /* Support */ = {
			isa = PBXGroup;
			children = (
				64A6F5F328C015EE0033D0C8 /* AppDelegate.swift */,
				64A6F5F528C015EE0033D0C8 /* SceneDelegate.swift */,
				64A6F5FC28C015F00033D0C8 /* Assets.xcassets */,
				64A6F5FE28C015F00033D0C8 /* LaunchScreen.storyboard */,
			);
			path = Support;
			sourceTree = "<group>";
		};
		64A1A74328CC3380003EFFCA /* DetailViewController */ = {
			isa = PBXGroup;
			children = (
				64A1A74928CD6A3B003EFFCA /* Cell */,
				64A1A74628CC33E5003EFFCA /* Screen */,
				64A1A74428CC33CB003EFFCA /* DetailViewController.swift */,
			);
			path = DetailViewController;
			sourceTree = "<group>";
		};
		64A1A74628CC33E5003EFFCA /* Screen */ = {
			isa = PBXGroup;
			children = (
				64A1A74728CC3416003EFFCA /* DetailViewControllerScreen.swift */,
			);
			path = Screen;
			sourceTree = "<group>";
		};
		64A1A74928CD6A3B003EFFCA /* Cell */ = {
			isa = PBXGroup;
			children = (
				64A1A74C28CD6AD6003EFFCA /* Screen */,
				64A1A74A28CD6A5A003EFFCA /* DetailTableViewCell.swift */,
			);
			path = Cell;
			sourceTree = "<group>";
		};
		64A1A74C28CD6AD6003EFFCA /* Screen */ = {
			isa = PBXGroup;
			children = (
				64A1A74D28CD6AF5003EFFCA /* DetailTableViewCellScreen.swift */,
			);
			path = Screen;
			sourceTree = "<group>";
		};
		64A6F5E728C015EE0033D0C8 = {
			isa = PBXGroup;
			children = (
				64A6F5F228C015EE0033D0C8 /* AppMusic */,
				64A6F5F128C015EE0033D0C8 /* Products */,
				251342717B167AA0006DE189 /* Pods */,
				CAB1BC14E107ED3ECE23D0AA /* Frameworks */,
			);
			sourceTree = "<group>";
		};
		64A6F5F128C015EE0033D0C8 /* Products */ = {
			isa = PBXGroup;
			children = (
				64A6F5F028C015EE0033D0C8 /* AppMusic.app */,
			);
			name = Products;
			sourceTree = "<group>";
		};
		64A6F5F228C015EE0033D0C8 /* AppMusic */ = {
			isa = PBXGroup;
			children = (
				646369FF28D7A1D90068D413 /* Alert */,
				64A6F61B28C2315B0033D0C8 /* CustomView */,
				64A6F61528C1A17E0033D0C8 /* Utility */,
				64A6F60A28C0198B0033D0C8 /* Extension */,
				64A6F60728C018D60033D0C8 /* Model */,
				64A6F61828C1A9CD0033D0C8 /* Cell */,
				64A6F61128C01A830033D0C8 /* Home */,
				64A1A74328CC3380003EFFCA /* DetailViewController */,
				646369F728D298090068D413 /* Login */,
				64636A0228D7A7F00068D413 /* Register */,
				64A1A74228CC23E0003EFFCA /* Support */,
				64636A0828D7F3E70068D413 /* GoogleService-Info.plist */,
				64A6F60128C015F00033D0C8 /* Info.plist */,
			);
			path = AppMusic;
			sourceTree = "<group>";
		};
		64A6F60728C018D60033D0C8 /* Model */ = {
			isa = PBXGroup;
			children = (
				64A6F60828C018D60033D0C8 /* CardViewModel.swift */,
			);
			path = Model;
			sourceTree = "<group>";
		};
		64A6F60A28C0198B0033D0C8 /* Extension */ = {
			isa = PBXGroup;
			children = (
				64A6F60B28C0198B0033D0C8 /* NSAttributedString + Extension.swift */,
				64A6F60C28C0198B0033D0C8 /* UIView + Extension.swift */,
				64A6F60D28C0198B0033D0C8 /* NSTextAttachment + Extension.swift */,
				646369FD28D431DC0068D413 /* UITextField + Extension.swift */,
			);
			path = Extension;
			sourceTree = "<group>";
		};
		64A6F61128C01A830033D0C8 /* Home */ = {
			isa = PBXGroup;
			children = (
				64A6F61428C1972F0033D0C8 /* Screen */,
				64A6F5F728C015EE0033D0C8 /* HomeViewController.swift */,
			);
			path = Home;
			sourceTree = "<group>";
		};
		64A6F61428C1972F0033D0C8 /* Screen */ = {
			isa = PBXGroup;
			children = (
				64A6F61228C01AB20033D0C8 /* HomeViewControllerScreen.swift */,
			);
			path = Screen;
			sourceTree = "<group>";
		};
		64A6F61528C1A17E0033D0C8 /* Utility */ = {
			isa = PBXGroup;
			children = (
				64A6F61628C1A1A70033D0C8 /* ConfigurableView.swift */,
			);
			path = Utility;
			sourceTree = "<group>";
		};
		64A6F61828C1A9CD0033D0C8 /* Cell */ = {
			isa = PBXGroup;
			children = (
				64A6F61928C1A9ED0033D0C8 /* CardViewTableViewCell.swift */,
			);
			path = Cell;
			sourceTree = "<group>";
		};
		64A6F61B28C2315B0033D0C8 /* CustomView */ = {
			isa = PBXGroup;
			children = (
				64A6F61C28C2317E0033D0C8 /* CustomCardView.swift */,
				64A6F61E28C2950D0033D0C8 /* CardActionView.swift */,
				64A1A74F28CF9B0C003EFFCA /* CustomNavBar.swift */,
				6488E8C428D279D40005C874 /* CustomPlayerView.swift */,
			);
			path = CustomView;
			sourceTree = "<group>";
		};
		CAB1BC14E107ED3ECE23D0AA /* Frameworks */ = {
			isa = PBXGroup;
			children = (
				87302EBE393331E37FC02C34 /* Pods_AppMusic.framework */,
			);
			name = Frameworks;
			sourceTree = "<group>";
		};
/* End PBXGroup section */

/* Begin PBXNativeTarget section */
		64A6F5EF28C015EE0033D0C8 /* AppMusic */ = {
			isa = PBXNativeTarget;
			buildConfigurationList = 64A6F60428C015F00033D0C8 /* Build configuration list for PBXNativeTarget "AppMusic" */;
			buildPhases = (
				0003D5895BEF4306E454382A /* [CP] Check Pods Manifest.lock */,
				64A6F5EC28C015EE0033D0C8 /* Sources */,
				64A6F5ED28C015EE0033D0C8 /* Frameworks */,
				64A6F5EE28C015EE0033D0C8 /* Resources */,
				5B72D471FDD92926966F4FD5 /* [CP] Embed Pods Frameworks */,
			);
			buildRules = (
			);
			dependencies = (
			);
			name = AppMusic;
			productName = AppMusic;
			productReference = 64A6F5F028C015EE0033D0C8 /* AppMusic.app */;
			productType = "com.apple.product-type.application";
		};
/* End PBXNativeTarget section */

/* Begin PBXProject section */
		64A6F5E828C015EE0033D0C8 /* Project object */ = {
			isa = PBXProject;
			attributes = {
				BuildIndependentTargetsInParallel = 1;
				LastSwiftUpdateCheck = 1340;
				LastUpgradeCheck = 1340;
				TargetAttributes = {
					64A6F5EF28C015EE0033D0C8 = {
						CreatedOnToolsVersion = 13.4.1;
					};
				};
			};
			buildConfigurationList = 64A6F5EB28C015EE0033D0C8 /* Build configuration list for PBXProject "AppMusic" */;
			compatibilityVersion = "Xcode 13.0";
			developmentRegion = en;
			hasScannedForEncodings = 0;
			knownRegions = (
				en,
				Base,
			);
			mainGroup = 64A6F5E728C015EE0033D0C8;
			productRefGroup = 64A6F5F128C015EE0033D0C8 /* Products */;
			projectDirPath = "";
			projectRoot = "";
			targets = (
				64A6F5EF28C015EE0033D0C8 /* AppMusic */,
			);
		};
/* End PBXProject section */

/* Begin PBXResourcesBuildPhase section */
		64A6F5EE28C015EE0033D0C8 /* Resources */ = {
			isa = PBXResourcesBuildPhase;
			buildActionMask = 2147483647;
			files = (
				64A6F60028C015F00033D0C8 /* LaunchScreen.storyboard in Resources */,
				64A6F5FD28C015F00033D0C8 /* Assets.xcassets in Resources */,
				64636A0928D7F3E70068D413 /* GoogleService-Info.plist in Resources */,
			);
			runOnlyForDeploymentPostprocessing = 0;
		};
/* End PBXResourcesBuildPhase section */

/* Begin PBXShellScriptBuildPhase section */
		0003D5895BEF4306E454382A /* [CP] Check Pods Manifest.lock */ = {
			isa = PBXShellScriptBuildPhase;
			buildActionMask = 2147483647;
			files = (
			);
			inputFileListPaths = (
			);
			inputPaths = (
				"${PODS_PODFILE_DIR_PATH}/Podfile.lock",
				"${PODS_ROOT}/Manifest.lock",
			);
			name = "[CP] Check Pods Manifest.lock";
			outputFileListPaths = (
			);
			outputPaths = (
				"$(DERIVED_FILE_DIR)/Pods-AppMusic-checkManifestLockResult.txt",
			);
			runOnlyForDeploymentPostprocessing = 0;
			shellPath = /bin/sh;
			shellScript = "diff \"${PODS_PODFILE_DIR_PATH}/Podfile.lock\" \"${PODS_ROOT}/Manifest.lock\" > /dev/null\nif [ $? != 0 ] ; then\n    # print error to STDERR\n    echo \"error: The sandbox is not in sync with the Podfile.lock. Run 'pod install' or update your CocoaPods installation.\" >&2\n    exit 1\nfi\n# This output is used by Xcode 'outputs' to avoid re-running this script phase.\necho \"SUCCESS\" > \"${SCRIPT_OUTPUT_FILE_0}\"\n";
			showEnvVarsInLog = 0;
		};
		5B72D471FDD92926966F4FD5 /* [CP] Embed Pods Frameworks */ = {
			isa = PBXShellScriptBuildPhase;
			buildActionMask = 2147483647;
			files = (
			);
			inputFileListPaths = (
				"${PODS_ROOT}/Target Support Files/Pods-AppMusic/Pods-AppMusic-frameworks-${CONFIGURATION}-input-files.xcfilelist",
			);
			name = "[CP] Embed Pods Frameworks";
			outputFileListPaths = (
				"${PODS_ROOT}/Target Support Files/Pods-AppMusic/Pods-AppMusic-frameworks-${CONFIGURATION}-output-files.xcfilelist",
			);
			runOnlyForDeploymentPostprocessing = 0;
			shellPath = /bin/sh;
			shellScript = "\"${PODS_ROOT}/Target Support Files/Pods-AppMusic/Pods-AppMusic-frameworks.sh\"\n";
			showEnvVarsInLog = 0;
		};
/* End PBXShellScriptBuildPhase section */

/* Begin PBXSourcesBuildPhase section */
		64A6F5EC28C015EE0033D0C8 /* Sources */ = {
			isa = PBXSourcesBuildPhase;
			buildActionMask = 2147483647;
			files = (
				646369FC28D298560068D413 /* LoginScreenView.swift in Sources */,
				64A1A74E28CD6AF5003EFFCA /* DetailTableViewCellScreen.swift in Sources */,
				64A1A74828CC3416003EFFCA /* DetailViewControllerScreen.swift in Sources */,
				64A1A74528CC33CB003EFFCA /* DetailViewController.swift in Sources */,
				64A6F60928C018D60033D0C8 /* CardViewModel.swift in Sources */,
				646369FA28D2983B0068D413 /* LoginViewController.swift in Sources */,
				64A1A74B28CD6A5A003EFFCA /* DetailTableViewCell.swift in Sources */,
				64A6F61328C01AB20033D0C8 /* HomeViewControllerScreen.swift in Sources */,
				64636A0128D7A1F70068D413 /* Alert.swift in Sources */,
				646369FE28D431DC0068D413 /* UITextField + Extension.swift in Sources */,
				6488E8C528D279D40005C874 /* CustomPlayerView.swift in Sources */,
				64A6F61F28C2950D0033D0C8 /* CardActionView.swift in Sources */,
				64636A0728D7AAA50068D413 /* RegisterScreen.swift in Sources */,
				64A6F5F828C015EE0033D0C8 /* HomeViewController.swift in Sources */,
				64A6F61728C1A1A70033D0C8 /* ConfigurableView.swift in Sources */,
				64636A0528D7A8510068D413 /* RegisterViewController.swift in Sources */,
				64A1A75028CF9B0D003EFFCA /* CustomNavBar.swift in Sources */,
				64A6F61A28C1A9ED0033D0C8 /* CardViewTableViewCell.swift in Sources */,
				64A6F61028C0198B0033D0C8 /* NSTextAttachment + Extension.swift in Sources */,
				64A6F61D28C2317E0033D0C8 /* CustomCardView.swift in Sources */,
				64A6F60F28C0198B0033D0C8 /* UIView + Extension.swift in Sources */,
				64A6F5F428C015EE0033D0C8 /* AppDelegate.swift in Sources */,
				64A6F60E28C0198B0033D0C8 /* NSAttributedString + Extension.swift in Sources */,
				64A6F5F628C015EE0033D0C8 /* SceneDelegate.swift in Sources */,
			);
			runOnlyForDeploymentPostprocessing = 0;
		};
/* End PBXSourcesBuildPhase section */

/* Begin PBXVariantGroup section */
		64A6F5FE28C015F00033D0C8 /* LaunchScreen.storyboard */ = {
			isa = PBXVariantGroup;
			children = (
				64A6F5FF28C015F00033D0C8 /* Base */,
			);
			name = LaunchScreen.storyboard;
			sourceTree = "<group>";
		};
/* End PBXVariantGroup section */

/* Begin XCBuildConfiguration section */
		64A6F60228C015F00033D0C8 /* Debug */ = {
			isa = XCBuildConfiguration;
			buildSettings = {
				ALWAYS_SEARCH_USER_PATHS = NO;
				CLANG_ANALYZER_NONNULL = YES;
				CLANG_ANALYZER_NUMBER_OBJECT_CONVERSION = YES_AGGRESSIVE;
				CLANG_CXX_LANGUAGE_STANDARD = "gnu++17";
				CLANG_ENABLE_MODULES = YES;
				CLANG_ENABLE_OBJC_ARC = YES;
				CLANG_ENABLE_OBJC_WEAK = YES;
				CLANG_WARN_BLOCK_CAPTURE_AUTORELEASING = YES;
				CLANG_WARN_BOOL_CONVERSION = YES;
				CLANG_WARN_COMMA = YES;
				CLANG_WARN_CONSTANT_CONVERSION = YES;
				CLANG_WARN_DEPRECATED_OBJC_IMPLEMENTATIONS = YES;
				CLANG_WARN_DIRECT_OBJC_ISA_USAGE = YES_ERROR;
				CLANG_WARN_DOCUMENTATION_COMMENTS = YES;
				CLANG_WARN_EMPTY_BODY = YES;
				CLANG_WARN_ENUM_CONVERSION = YES;
				CLANG_WARN_INFINITE_RECURSION = YES;
				CLANG_WARN_INT_CONVERSION = YES;
				CLANG_WARN_NON_LITERAL_NULL_CONVERSION = YES;
				CLANG_WARN_OBJC_IMPLICIT_RETAIN_SELF = YES;
				CLANG_WARN_OBJC_LITERAL_CONVERSION = YES;
				CLANG_WARN_OBJC_ROOT_CLASS = YES_ERROR;
				CLANG_WARN_QUOTED_INCLUDE_IN_FRAMEWORK_HEADER = YES;
				CLANG_WARN_RANGE_LOOP_ANALYSIS = YES;
				CLANG_WARN_STRICT_PROTOTYPES = YES;
				CLANG_WARN_SUSPICIOUS_MOVE = YES;
				CLANG_WARN_UNGUARDED_AVAILABILITY = YES_AGGRESSIVE;
				CLANG_WARN_UNREACHABLE_CODE = YES;
				CLANG_WARN__DUPLICATE_METHOD_MATCH = YES;
				COPY_PHASE_STRIP = NO;
				DEBUG_INFORMATION_FORMAT = dwarf;
				ENABLE_STRICT_OBJC_MSGSEND = YES;
				ENABLE_TESTABILITY = YES;
				GCC_C_LANGUAGE_STANDARD = gnu11;
				GCC_DYNAMIC_NO_PIC = NO;
				GCC_NO_COMMON_BLOCKS = YES;
				GCC_OPTIMIZATION_LEVEL = 0;
				GCC_PREPROCESSOR_DEFINITIONS = (
					"DEBUG=1",
					"$(inherited)",
				);
				GCC_WARN_64_TO_32_BIT_CONVERSION = YES;
				GCC_WARN_ABOUT_RETURN_TYPE = YES_ERROR;
				GCC_WARN_UNDECLARED_SELECTOR = YES;
				GCC_WARN_UNINITIALIZED_AUTOS = YES_AGGRESSIVE;
				GCC_WARN_UNUSED_FUNCTION = YES;
				GCC_WARN_UNUSED_VARIABLE = YES;
				IPHONEOS_DEPLOYMENT_TARGET = 15.5;
				MTL_ENABLE_DEBUG_INFO = INCLUDE_SOURCE;
				MTL_FAST_MATH = YES;
				ONLY_ACTIVE_ARCH = YES;
				SDKROOT = iphoneos;
				SWIFT_ACTIVE_COMPILATION_CONDITIONS = DEBUG;
				SWIFT_OPTIMIZATION_LEVEL = "-Onone";
			};
			name = Debug;
		};
		64A6F60328C015F00033D0C8 /* Release */ = {
			isa = XCBuildConfiguration;
			buildSettings = {
				ALWAYS_SEARCH_USER_PATHS = NO;
				CLANG_ANALYZER_NONNULL = YES;
				CLANG_ANALYZER_NUMBER_OBJECT_CONVERSION = YES_AGGRESSIVE;
				CLANG_CXX_LANGUAGE_STANDARD = "gnu++17";
				CLANG_ENABLE_MODULES = YES;
				CLANG_ENABLE_OBJC_ARC = YES;
				CLANG_ENABLE_OBJC_WEAK = YES;
				CLANG_WARN_BLOCK_CAPTURE_AUTORELEASING = YES;
				CLANG_WARN_BOOL_CONVERSION = YES;
				CLANG_WARN_COMMA = YES;
				CLANG_WARN_CONSTANT_CONVERSION = YES;
				CLANG_WARN_DEPRECATED_OBJC_IMPLEMENTATIONS = YES;
				CLANG_WARN_DIRECT_OBJC_ISA_USAGE = YES_ERROR;
				CLANG_WARN_DOCUMENTATION_COMMENTS = YES;
				CLANG_WARN_EMPTY_BODY = YES;
				CLANG_WARN_ENUM_CONVERSION = YES;
				CLANG_WARN_INFINITE_RECURSION = YES;
				CLANG_WARN_INT_CONVERSION = YES;
				CLANG_WARN_NON_LITERAL_NULL_CONVERSION = YES;
				CLANG_WARN_OBJC_IMPLICIT_RETAIN_SELF = YES;
				CLANG_WARN_OBJC_LITERAL_CONVERSION = YES;
				CLANG_WARN_OBJC_ROOT_CLASS = YES_ERROR;
				CLANG_WARN_QUOTED_INCLUDE_IN_FRAMEWORK_HEADER = YES;
				CLANG_WARN_RANGE_LOOP_ANALYSIS = YES;
				CLANG_WARN_STRICT_PROTOTYPES = YES;
				CLANG_WARN_SUSPICIOUS_MOVE = YES;
				CLANG_WARN_UNGUARDED_AVAILABILITY = YES_AGGRESSIVE;
				CLANG_WARN_UNREACHABLE_CODE = YES;
				CLANG_WARN__DUPLICATE_METHOD_MATCH = YES;
				COPY_PHASE_STRIP = NO;
				DEBUG_INFORMATION_FORMAT = "dwarf-with-dsym";
				ENABLE_NS_ASSERTIONS = NO;
				ENABLE_STRICT_OBJC_MSGSEND = YES;
				GCC_C_LANGUAGE_STANDARD = gnu11;
				GCC_NO_COMMON_BLOCKS = YES;
				GCC_WARN_64_TO_32_BIT_CONVERSION = YES;
				GCC_WARN_ABOUT_RETURN_TYPE = YES_ERROR;
				GCC_WARN_UNDECLARED_SELECTOR = YES;
				GCC_WARN_UNINITIALIZED_AUTOS = YES_AGGRESSIVE;
				GCC_WARN_UNUSED_FUNCTION = YES;
				GCC_WARN_UNUSED_VARIABLE = YES;
				IPHONEOS_DEPLOYMENT_TARGET = 15.5;
				MTL_ENABLE_DEBUG_INFO = NO;
				MTL_FAST_MATH = YES;
				SDKROOT = iphoneos;
				SWIFT_COMPILATION_MODE = wholemodule;
				SWIFT_OPTIMIZATION_LEVEL = "-O";
				VALIDATE_PRODUCT = YES;
			};
			name = Release;
		};
		64A6F60528C015F00033D0C8 /* Debug */ = {
			isa = XCBuildConfiguration;
			baseConfigurationReference = 12E772BA0C999B60604B027F /* Pods-AppMusic.debug.xcconfig */;
			buildSettings = {
				ASSETCATALOG_COMPILER_APPICON_NAME = AppIcon;
				ASSETCATALOG_COMPILER_GLOBAL_ACCENT_COLOR_NAME = AccentColor;
				CODE_SIGN_STYLE = Automatic;
				CURRENT_PROJECT_VERSION = 1;
				GENERATE_INFOPLIST_FILE = YES;
				INFOPLIST_FILE = AppMusic/Info.plist;
				INFOPLIST_KEY_UIApplicationSupportsIndirectInputEvents = YES;
				INFOPLIST_KEY_UILaunchStoryboardName = LaunchScreen;
				INFOPLIST_KEY_UISupportedInterfaceOrientations_iPad = "UIInterfaceOrientationPortrait UIInterfaceOrientationPortraitUpsideDown UIInterfaceOrientationLandscapeLeft UIInterfaceOrientationLandscapeRight";
				INFOPLIST_KEY_UISupportedInterfaceOrientations_iPhone = "UIInterfaceOrientationPortrait UIInterfaceOrientationLandscapeLeft UIInterfaceOrientationLandscapeRight";
				LD_RUNPATH_SEARCH_PATHS = (
					"$(inherited)",
					"@executable_path/Frameworks",
				);
				MARKETING_VERSION = 1.0;
				PRODUCT_BUNDLE_IDENTIFIER = com.raphael.AppMusic;
				PRODUCT_NAME = "$(TARGET_NAME)";
				SWIFT_EMIT_LOC_STRINGS = YES;
				SWIFT_VERSION = 5.0;
				TARGETED_DEVICE_FAMILY = "1,2";
			};
			name = Debug;
		};
		64A6F60628C015F00033D0C8 /* Release */ = {
			isa = XCBuildConfiguration;
			baseConfigurationReference = 4EE47FDC6C433826BE2DD38C /* Pods-AppMusic.release.xcconfig */;
			buildSettings = {
				ASSETCATALOG_COMPILER_APPICON_NAME = AppIcon;
				ASSETCATALOG_COMPILER_GLOBAL_ACCENT_COLOR_NAME = AccentColor;
				CODE_SIGN_STYLE = Automatic;
				CURRENT_PROJECT_VERSION = 1;
				GENERATE_INFOPLIST_FILE = YES;
				INFOPLIST_FILE = AppMusic/Info.plist;
				INFOPLIST_KEY_UIApplicationSupportsIndirectInputEvents = YES;
				INFOPLIST_KEY_UILaunchStoryboardName = LaunchScreen;
				INFOPLIST_KEY_UISupportedInterfaceOrientations_iPad = "UIInterfaceOrientationPortrait UIInterfaceOrientationPortraitUpsideDown UIInterfaceOrientationLandscapeLeft UIInterfaceOrientationLandscapeRight";
				INFOPLIST_KEY_UISupportedInterfaceOrientations_iPhone = "UIInterfaceOrientationPortrait UIInterfaceOrientationLandscapeLeft UIInterfaceOrientationLandscapeRight";
				LD_RUNPATH_SEARCH_PATHS = (
					"$(inherited)",
					"@executable_path/Frameworks",
				);
				MARKETING_VERSION = 1.0;
				PRODUCT_BUNDLE_IDENTIFIER = com.raphael.AppMusic;
				PRODUCT_NAME = "$(TARGET_NAME)";
				SWIFT_EMIT_LOC_STRINGS = YES;
				SWIFT_VERSION = 5.0;
				TARGETED_DEVICE_FAMILY = "1,2";
			};
			name = Release;
		};
/* End XCBuildConfiguration section */

/* Begin XCConfigurationList section */
		64A6F5EB28C015EE0033D0C8 /* Build configuration list for PBXProject "AppMusic" */ = {
			isa = XCConfigurationList;
			buildConfigurations = (
				64A6F60228C015F00033D0C8 /* Debug */,
				64A6F60328C015F00033D0C8 /* Release */,
			);
			defaultConfigurationIsVisible = 0;
			defaultConfigurationName = Release;
		};
		64A6F60428C015F00033D0C8 /* Build configuration list for PBXNativeTarget "AppMusic" */ = {
			isa = XCConfigurationList;
			buildConfigurations = (
				64A6F60528C015F00033D0C8 /* Debug */,
				64A6F60628C015F00033D0C8 /* Release */,
			);
			defaultConfigurationIsVisible = 0;
			defaultConfigurationName = Release;
		};
/* End XCConfigurationList section */
	};
	rootObject = 64A6F5E828C015EE0033D0C8 /* Project object */;
}
